
Microsoft Visual Studio Solution File, Format Version 12.00
# Visual Studio 2017
Project("{FAE04EC0-301F-11D3-BF4B-00C04F79EFBC}") = "ProjetoTeste", "ProjetoTeste.csproj", "{CD0DFE2B-ED96-3688-22BA-93D12EB54B53}"
EndProject
Project("{FAE04EC0-301F-11D3-BF4B-00C04F79EFBC}") = "ProjetoTeste.Editor", "ProjetoTeste.Editor.csproj", "{29AFCBCE-50EF-223D-91BE-C11C13EFD018}"
EndProject
Global
	GlobalSection(SolutionConfigurationPlatforms) = preSolution
		Debug|Any CPU = Debug|Any CPU
		Release|Any CPU = Release|Any CPU
	EndGlobalSection
	GlobalSection(ProjectConfigurationPlatforms) = postSolution
		{CD0DFE2B-ED96-3688-22BA-93D12EB54B53}.Debug|Any CPU.ActiveCfg = Debug|Any CPU
		{CD0DFE2B-ED96-3688-22BA-93D12EB54B53}.Debug|Any CPU.Build.0 = Debug|Any CPU
		{CD0DFE2B-ED96-3688-22BA-93D12EB54B53}.Release|Any CPU.ActiveCfg = Release|Any CPU
		{CD0DFE2B-ED96-3688-22BA-93D12EB54B53}.Release|Any CPU.Build.0 = Release|Any CPU
		{29AFCBCE-50EF-223D-91BE-C11C13EFD018}.Debug|Any CPU.ActiveCfg = Debug|Any CPU
		{29AFCBCE-50EF-223D-91BE-C11C13EFD018}.Debug|Any CPU.Build.0 = Debug|Any CPU
		{29AFCBCE-50EF-223D-91BE-C11C13EFD018}.Release|Any CPU.ActiveCfg = Release|Any CPU
		{29AFCBCE-50EF-223D-91BE-C11C13EFD018}.Release|Any CPU.Build.0 = Release|Any CPU
	EndGlobalSection
	GlobalSection(SolutionProperties) = preSolution
		HideSolutionNode = FALSE
	EndGlobalSection
EndGlobal
